
Microsoft Visual Studio Solution File, Format Version 12.00
# Visual Studio Version 17
VisualStudioVersion = 17.0.31919.166
MinimumVisualStudioVersion = 10.0.40219.1
Project("{2150E333-8FDC-42A3-9474-1A3956D46DE8}") = "ReferenceAssembly", "ReferenceAssembly", "{87C4661A-770E-49C3-8ED0-3E84E6BDC887}"
	ProjectSection(SolutionItems) = preProject
		.gitignore = .gitignore
		packages\Assembly.Tools.cs = packages\Assembly.Tools.cs
		packages\basic.snk = packages\basic.snk
		LICENSE = LICENSE
		packages\net-version.targets = packages\net-version.targets
		README.md = README.md
		packages\std-props.targets = packages\std-props.targets
		packages\std-version.targets = packages\std-version.targets
		packages\UpdateLog.txt = packages\UpdateLog.txt
	EndProjectSection
EndProject
Project("{9A19103F-16F7-4668-BE54-9A1E7A4F7556}") = "Standard.EntityLayer", "Standard.Framework\Standard.EntityLayer\Standard.EntityLayer.csproj", "{35A1F94F-10C1-4638-8B5D-8BC4DF798EFF}"
EndProject
Project("{9A19103F-16F7-4668-BE54-9A1E7A4F7556}") = "Standard.DataAccess", "Standard.Framework\Standard.DataAccess\Standard.DataAccess.csproj", "{0A213752-7C72-4F29-822D-B3C02E5FA103}"
EndProject
Project("{9A19103F-16F7-4668-BE54-9A1E7A4F7556}") = "Standard.MvcLibrary", "Standard.Framework\Standard.MvcLibrary\Standard.MvcLibrary.csproj", "{B42B6111-640F-4A20-A861-5EBC03CD8E1A}"
EndProject
Project("{9A19103F-16F7-4668-BE54-9A1E7A4F7556}") = "Standard.MySqlAccess", "Standard.Framework\Standard.MySqlAccess\Standard.MySqlAccess.csproj", "{925CAC7C-3F0E-4641-817F-C55AE10BEFF2}"
EndProject
Project("{9A19103F-16F7-4668-BE54-9A1E7A4F7556}") = "Standard.SqlClientAccess", "Standard.Framework\Standard.SqlClientAccess\Standard.SqlClientAccess.csproj", "{5D18E1A2-A992-495F-8411-F5A32ED44036}"
EndProject
Project("{9A19103F-16F7-4668-BE54-9A1E7A4F7556}") = "Basic.MvcLibrary", "Standard.Framework\Basic.MvcLibrary\Basic.MvcLibrary.csproj", "{E4781B60-0238-42C3-AACA-45060B2FE66A}"
EndProject
Project("{9A19103F-16F7-4668-BE54-9A1E7A4F7556}") = "Standard.OracleAccess", "Standard.Framework\Standard.OracleAccess\Standard.OracleAccess.csproj", "{2F41C901-771B-49B7-8533-4CD20B881C02}"
EndProject
Project("{9A19103F-16F7-4668-BE54-9A1E7A4F7556}") = "Standard.DB2Access", "Standard.Framework\Standard.Db2Access\Standard.DB2Access.csproj", "{DF9DDAEB-1877-4235-8D36-42C89F3E794A}"
EndProject
Project("{9A19103F-16F7-4668-BE54-9A1E7A4F7556}") = "Standard.PostgreAccess", "Standard.Framework\Standard.NpgSqlAccess\Standard.PostgreAccess.csproj", "{D80F307F-C9F8-40F7-A67C-52C49D6642AE}"
EndProject
Project("{9A19103F-16F7-4668-BE54-9A1E7A4F7556}") = "Standard.EntityLayer.Test", "Standard.Framework\Standard.EntityLayer.Test\Standard.EntityLayer.Test.csproj", "{C672A86F-6FA2-4AB5-8676-4BB6402AC053}"
EndProject
Project("{9A19103F-16F7-4668-BE54-9A1E7A4F7556}") = "Standard.DataAccess.Test", "Standard.Framework\Standard.DataAccess.Test\Standard.DataAccess.Test.csproj", "{966ACF9A-8961-435B-BB5E-6C67E1929EB3}"
EndProject
Global
	GlobalSection(SolutionConfigurationPlatforms) = preSolution
		Debug|Any CPU = Debug|Any CPU
		Debug|x64 = Debug|x64
		Debug|x86 = Debug|x86
		Release|Any CPU = Release|Any CPU
		Release|x64 = Release|x64
		Release|x86 = Release|x86
	EndGlobalSection
	GlobalSection(ProjectConfigurationPlatforms) = postSolution
		{35A1F94F-10C1-4638-8B5D-8BC4DF798EFF}.Debug|Any CPU.ActiveCfg = Debug|Any CPU
		{35A1F94F-10C1-4638-8B5D-8BC4DF798EFF}.Debug|Any CPU.Build.0 = Debug|Any CPU
		{35A1F94F-10C1-4638-8B5D-8BC4DF798EFF}.Debug|x64.ActiveCfg = Debug|Any CPU
		{35A1F94F-10C1-4638-8B5D-8BC4DF798EFF}.Debug|x64.Build.0 = Debug|Any CPU
		{35A1F94F-10C1-4638-8B5D-8BC4DF798EFF}.Debug|x86.ActiveCfg = Debug|Any CPU
		{35A1F94F-10C1-4638-8B5D-8BC4DF798EFF}.Debug|x86.Build.0 = Debug|Any CPU
		{35A1F94F-10C1-4638-8B5D-8BC4DF798EFF}.Release|Any CPU.ActiveCfg = Release|Any CPU
		{35A1F94F-10C1-4638-8B5D-8BC4DF798EFF}.Release|Any CPU.Build.0 = Release|Any CPU
		{35A1F94F-10C1-4638-8B5D-8BC4DF798EFF}.Release|x64.ActiveCfg = Release|Any CPU
		{35A1F94F-10C1-4638-8B5D-8BC4DF798EFF}.Release|x64.Build.0 = Release|Any CPU
		{35A1F94F-10C1-4638-8B5D-8BC4DF798EFF}.Release|x86.ActiveCfg = Release|Any CPU
		{35A1F94F-10C1-4638-8B5D-8BC4DF798EFF}.Release|x86.Build.0 = Release|Any CPU
		{0A213752-7C72-4F29-822D-B3C02E5FA103}.Debug|Any CPU.ActiveCfg = Debug|Any CPU
		{0A213752-7C72-4F29-822D-B3C02E5FA103}.Debug|Any CPU.Build.0 = Debug|Any CPU
		{0A213752-7C72-4F29-822D-B3C02E5FA103}.Debug|x64.ActiveCfg = Debug|Any CPU
		{0A213752-7C72-4F29-822D-B3C02E5FA103}.Debug|x64.Build.0 = Debug|Any CPU
		{0A213752-7C72-4F29-822D-B3C02E5FA103}.Debug|x86.ActiveCfg = Debug|Any CPU
		{0A213752-7C72-4F29-822D-B3C02E5FA103}.Debug|x86.Build.0 = Debug|Any CPU
		{0A213752-7C72-4F29-822D-B3C02E5FA103}.Release|Any CPU.ActiveCfg = Release|Any CPU
		{0A213752-7C72-4F29-822D-B3C02E5FA103}.Release|Any CPU.Build.0 = Release|Any CPU
		{0A213752-7C72-4F29-822D-B3C02E5FA103}.Release|x64.ActiveCfg = Release|Any CPU
		{0A213752-7C72-4F29-822D-B3C02E5FA103}.Release|x64.Build.0 = Release|Any CPU
		{0A213752-7C72-4F29-822D-B3C02E5FA103}.Release|x86.ActiveCfg = Release|Any CPU
		{0A213752-7C72-4F29-822D-B3C02E5FA103}.Release|x86.Build.0 = Release|Any CPU
		{B42B6111-640F-4A20-A861-5EBC03CD8E1A}.Debug|Any CPU.ActiveCfg = Debug|Any CPU
		{B42B6111-640F-4A20-A861-5EBC03CD8E1A}.Debug|Any CPU.Build.0 = Debug|Any CPU
		{B42B6111-640F-4A20-A861-5EBC03CD8E1A}.Debug|x64.ActiveCfg = Debug|Any CPU
		{B42B6111-640F-4A20-A861-5EBC03CD8E1A}.Debug|x64.Build.0 = Debug|Any CPU
		{B42B6111-640F-4A20-A861-5EBC03CD8E1A}.Debug|x86.ActiveCfg = Debug|Any CPU
		{B42B6111-640F-4A20-A861-5EBC03CD8E1A}.Debug|x86.Build.0 = Debug|Any CPU
		{B42B6111-640F-4A20-A861-5EBC03CD8E1A}.Release|Any CPU.ActiveCfg = Release|Any CPU
		{B42B6111-640F-4A20-A861-5EBC03CD8E1A}.Release|Any CPU.Build.0 = Release|Any CPU
		{B42B6111-640F-4A20-A861-5EBC03CD8E1A}.Release|x64.ActiveCfg = Release|Any CPU
		{B42B6111-640F-4A20-A861-5EBC03CD8E1A}.Release|x64.Build.0 = Release|Any CPU
		{B42B6111-640F-4A20-A861-5EBC03CD8E1A}.Release|x86.ActiveCfg = Release|Any CPU
		{B42B6111-640F-4A20-A861-5EBC03CD8E1A}.Release|x86.Build.0 = Release|Any CPU
		{925CAC7C-3F0E-4641-817F-C55AE10BEFF2}.Debug|Any CPU.ActiveCfg = Debug|Any CPU
		{925CAC7C-3F0E-4641-817F-C55AE10BEFF2}.Debug|Any CPU.Build.0 = Debug|Any CPU
		{925CAC7C-3F0E-4641-817F-C55AE10BEFF2}.Debug|x64.ActiveCfg = Debug|Any CPU
		{925CAC7C-3F0E-4641-817F-C55AE10BEFF2}.Debug|x64.Build.0 = Debug|Any CPU
		{925CAC7C-3F0E-4641-817F-C55AE10BEFF2}.Debug|x86.ActiveCfg = Debug|Any CPU
		{925CAC7C-3F0E-4641-817F-C55AE10BEFF2}.Debug|x86.Build.0 = Debug|Any CPU
		{925CAC7C-3F0E-4641-817F-C55AE10BEFF2}.Release|Any CPU.ActiveCfg = Release|Any CPU
		{925CAC7C-3F0E-4641-817F-C55AE10BEFF2}.Release|Any CPU.Build.0 = Release|Any CPU
		{925CAC7C-3F0E-4641-817F-C55AE10BEFF2}.Release|x64.ActiveCfg = Release|Any CPU
		{925CAC7C-3F0E-4641-817F-C55AE10BEFF2}.Release|x64.Build.0 = Release|Any CPU
		{925CAC7C-3F0E-4641-817F-C55AE10BEFF2}.Release|x86.ActiveCfg = Release|Any CPU
		{925CAC7C-3F0E-4641-817F-C55AE10BEFF2}.Release|x86.Build.0 = Release|Any CPU
		{5D18E1A2-A992-495F-8411-F5A32ED44036}.Debug|Any CPU.ActiveCfg = Debug|Any CPU
		{5D18E1A2-A992-495F-8411-F5A32ED44036}.Debug|Any CPU.Build.0 = Debug|Any CPU
		{5D18E1A2-A992-495F-8411-F5A32ED44036}.Debug|x64.ActiveCfg = Debug|Any CPU
		{5D18E1A2-A992-495F-8411-F5A32ED44036}.Debug|x64.Build.0 = Debug|Any CPU
		{5D18E1A2-A992-495F-8411-F5A32ED44036}.Debug|x86.ActiveCfg = Debug|Any CPU
		{5D18E1A2-A992-495F-8411-F5A32ED44036}.Debug|x86.Build.0 = Debug|Any CPU
		{5D18E1A2-A992-495F-8411-F5A32ED44036}.Release|Any CPU.ActiveCfg = Release|Any CPU
		{5D18E1A2-A992-495F-8411-F5A32ED44036}.Release|Any CPU.Build.0 = Release|Any CPU
		{5D18E1A2-A992-495F-8411-F5A32ED44036}.Release|x64.ActiveCfg = Release|Any CPU
		{5D18E1A2-A992-495F-8411-F5A32ED44036}.Release|x64.Build.0 = Release|Any CPU
		{5D18E1A2-A992-495F-8411-F5A32ED44036}.Release|x86.ActiveCfg = Release|Any CPU
		{5D18E1A2-A992-495F-8411-F5A32ED44036}.Release|x86.Build.0 = Release|Any CPU
		{E4781B60-0238-42C3-AACA-45060B2FE66A}.Debug|Any CPU.ActiveCfg = Debug|Any CPU
		{E4781B60-0238-42C3-AACA-45060B2FE66A}.Debug|Any CPU.Build.0 = Debug|Any CPU
		{E4781B60-0238-42C3-AACA-45060B2FE66A}.Debug|x64.ActiveCfg = Debug|Any CPU
		{E4781B60-0238-42C3-AACA-45060B2FE66A}.Debug|x64.Build.0 = Debug|Any CPU
		{E4781B60-0238-42C3-AACA-45060B2FE66A}.Debug|x86.ActiveCfg = Debug|Any CPU
		{E4781B60-0238-42C3-AACA-45060B2FE66A}.Debug|x86.Build.0 = Debug|Any CPU
		{E4781B60-0238-42C3-AACA-45060B2FE66A}.Release|Any CPU.ActiveCfg = Release|Any CPU
		{E4781B60-0238-42C3-AACA-45060B2FE66A}.Release|Any CPU.Build.0 = Release|Any CPU
		{E4781B60-0238-42C3-AACA-45060B2FE66A}.Release|x64.ActiveCfg = Release|Any CPU
		{E4781B60-0238-42C3-AACA-45060B2FE66A}.Release|x64.Build.0 = Release|Any CPU
		{E4781B60-0238-42C3-AACA-45060B2FE66A}.Release|x86.ActiveCfg = Release|Any CPU
		{E4781B60-0238-42C3-AACA-45060B2FE66A}.Release|x86.Build.0 = Release|Any CPU
		{2F41C901-771B-49B7-8533-4CD20B881C02}.Debug|Any CPU.ActiveCfg = Debug|Any CPU
		{2F41C901-771B-49B7-8533-4CD20B881C02}.Debug|Any CPU.Build.0 = Debug|Any CPU
		{2F41C901-771B-49B7-8533-4CD20B881C02}.Debug|x64.ActiveCfg = Debug|Any CPU
		{2F41C901-771B-49B7-8533-4CD20B881C02}.Debug|x64.Build.0 = Debug|Any CPU
		{2F41C901-771B-49B7-8533-4CD20B881C02}.Debug|x86.ActiveCfg = Debug|Any CPU
		{2F41C901-771B-49B7-8533-4CD20B881C02}.Debug|x86.Build.0 = Debug|Any CPU
		{2F41C901-771B-49B7-8533-4CD20B881C02}.Release|Any CPU.ActiveCfg = Release|Any CPU
		{2F41C901-771B-49B7-8533-4CD20B881C02}.Release|Any CPU.Build.0 = Release|Any CPU
		{2F41C901-771B-49B7-8533-4CD20B881C02}.Release|x64.ActiveCfg = Release|Any CPU
		{2F41C901-771B-49B7-8533-4CD20B881C02}.Release|x64.Build.0 = Release|Any CPU
		{2F41C901-771B-49B7-8533-4CD20B881C02}.Release|x86.ActiveCfg = Release|Any CPU
		{2F41C901-771B-49B7-8533-4CD20B881C02}.Release|x86.Build.0 = Release|Any CPU
		{DF9DDAEB-1877-4235-8D36-42C89F3E794A}.Debug|Any CPU.ActiveCfg = Debug|Any CPU
		{DF9DDAEB-1877-4235-8D36-42C89F3E794A}.Debug|Any CPU.Build.0 = Debug|Any CPU
		{DF9DDAEB-1877-4235-8D36-42C89F3E794A}.Debug|x64.ActiveCfg = Debug|Any CPU
		{DF9DDAEB-1877-4235-8D36-42C89F3E794A}.Debug|x64.Build.0 = Debug|Any CPU
		{DF9DDAEB-1877-4235-8D36-42C89F3E794A}.Debug|x86.ActiveCfg = Debug|Any CPU
		{DF9DDAEB-1877-4235-8D36-42C89F3E794A}.Debug|x86.Build.0 = Debug|Any CPU
		{DF9DDAEB-1877-4235-8D36-42C89F3E794A}.Release|Any CPU.ActiveCfg = Release|Any CPU
		{DF9DDAEB-1877-4235-8D36-42C89F3E794A}.Release|Any CPU.Build.0 = Release|Any CPU
		{DF9DDAEB-1877-4235-8D36-42C89F3E794A}.Release|x64.ActiveCfg = Release|Any CPU
		{DF9DDAEB-1877-4235-8D36-42C89F3E794A}.Release|x64.Build.0 = Release|Any CPU
		{DF9DDAEB-1877-4235-8D36-42C89F3E794A}.Release|x86.ActiveCfg = Release|Any CPU
		{DF9DDAEB-1877-4235-8D36-42C89F3E794A}.Release|x86.Build.0 = Release|Any CPU
		{D80F307F-C9F8-40F7-A67C-52C49D6642AE}.Debug|Any CPU.ActiveCfg = Debug|Any CPU
		{D80F307F-C9F8-40F7-A67C-52C49D6642AE}.Debug|Any CPU.Build.0 = Debug|Any CPU
		{D80F307F-C9F8-40F7-A67C-52C49D6642AE}.Debug|x64.ActiveCfg = Debug|Any CPU
		{D80F307F-C9F8-40F7-A67C-52C49D6642AE}.Debug|x64.Build.0 = Debug|Any CPU
		{D80F307F-C9F8-40F7-A67C-52C49D6642AE}.Debug|x86.ActiveCfg = Debug|Any CPU
		{D80F307F-C9F8-40F7-A67C-52C49D6642AE}.Debug|x86.Build.0 = Debug|Any CPU
		{D80F307F-C9F8-40F7-A67C-52C49D6642AE}.Release|Any CPU.ActiveCfg = Release|Any CPU
		{D80F307F-C9F8-40F7-A67C-52C49D6642AE}.Release|Any CPU.Build.0 = Release|Any CPU
		{D80F307F-C9F8-40F7-A67C-52C49D6642AE}.Release|x64.ActiveCfg = Release|Any CPU
		{D80F307F-C9F8-40F7-A67C-52C49D6642AE}.Release|x64.Build.0 = Release|Any CPU
		{D80F307F-C9F8-40F7-A67C-52C49D6642AE}.Release|x86.ActiveCfg = Release|Any CPU
		{D80F307F-C9F8-40F7-A67C-52C49D6642AE}.Release|x86.Build.0 = Release|Any CPU
		{C672A86F-6FA2-4AB5-8676-4BB6402AC053}.Debug|Any CPU.ActiveCfg = Debug|Any CPU
		{C672A86F-6FA2-4AB5-8676-4BB6402AC053}.Debug|Any CPU.Build.0 = Debug|Any CPU
		{C672A86F-6FA2-4AB5-8676-4BB6402AC053}.Debug|x64.ActiveCfg = Debug|Any CPU
		{C672A86F-6FA2-4AB5-8676-4BB6402AC053}.Debug|x64.Build.0 = Debug|Any CPU
		{C672A86F-6FA2-4AB5-8676-4BB6402AC053}.Debug|x86.ActiveCfg = Debug|Any CPU
		{C672A86F-6FA2-4AB5-8676-4BB6402AC053}.Debug|x86.Build.0 = Debug|Any CPU
		{C672A86F-6FA2-4AB5-8676-4BB6402AC053}.Release|Any CPU.ActiveCfg = Release|Any CPU
		{C672A86F-6FA2-4AB5-8676-4BB6402AC053}.Release|x64.ActiveCfg = Release|Any CPU
		{C672A86F-6FA2-4AB5-8676-4BB6402AC053}.Release|x64.Build.0 = Release|Any CPU
		{C672A86F-6FA2-4AB5-8676-4BB6402AC053}.Release|x86.ActiveCfg = Release|Any CPU
		{C672A86F-6FA2-4AB5-8676-4BB6402AC053}.Release|x86.Build.0 = Release|Any CPU
		{966ACF9A-8961-435B-BB5E-6C67E1929EB3}.Debug|Any CPU.ActiveCfg = Debug|Any CPU
		{966ACF9A-8961-435B-BB5E-6C67E1929EB3}.Debug|Any CPU.Build.0 = Debug|Any CPU
		{966ACF9A-8961-435B-BB5E-6C67E1929EB3}.Debug|x64.ActiveCfg = Debug|Any CPU
		{966ACF9A-8961-435B-BB5E-6C67E1929EB3}.Debug|x64.Build.0 = Debug|Any CPU
		{966ACF9A-8961-435B-BB5E-6C67E1929EB3}.Debug|x86.ActiveCfg = Debug|Any CPU
		{966ACF9A-8961-435B-BB5E-6C67E1929EB3}.Debug|x86.Build.0 = Debug|Any CPU
		{966ACF9A-8961-435B-BB5E-6C67E1929EB3}.Release|Any CPU.ActiveCfg = Release|Any CPU
		{966ACF9A-8961-435B-BB5E-6C67E1929EB3}.Release|x64.ActiveCfg = Release|Any CPU
		{966ACF9A-8961-435B-BB5E-6C67E1929EB3}.Release|x64.Build.0 = Release|Any CPU
		{966ACF9A-8961-435B-BB5E-6C67E1929EB3}.Release|x86.ActiveCfg = Release|Any CPU
		{966ACF9A-8961-435B-BB5E-6C67E1929EB3}.Release|x86.Build.0 = Release|Any CPU
	EndGlobalSection
	GlobalSection(SolutionProperties) = preSolution
		HideSolutionNode = FALSE
	EndGlobalSection
	GlobalSection(ExtensibilityGlobals) = postSolution
		SolutionGuid = {BE7F0F9B-E6CF-43EC-A81F-7B067DBB2B67}
	EndGlobalSection
	GlobalSection(TestCaseManagementSettings) = postSolution
		CategoryFile = Basic.Solution.vsmdi
	EndGlobalSection
EndGlobal
